{
  "name": "documentation",
  "lockfileVersion": 3,
  "requires": true,
  "packages": {
    "": {
      "dependencies": {
        "ink-docstrap": "^1.3.2"
      }
    },
    "node_modules/ink-docstrap": {
      "version": "1.3.2",
      "resolved": "https://registry.npmjs.org/ink-docstrap/-/ink-docstrap-1.3.2.tgz",
      "integrity": "sha512-STx5orGQU1gfrkoI/fMU7lX6CSP7LBGO10gXNgOZhwKhUqbtNjCkYSewJtNnLmWP1tAGN6oyEpG1HFPw5vpa5Q==",
      "dependencies": {
        "moment": "^2.14.1",
        "sanitize-html": "^1.13.0"
      }
    },
    "node_modules/ink-docstrap/node_modules/ansi-styles": {
      "version": "3.2.1",
      "license": "MIT",
      "dependencies": {
        "color-convert": "^1.9.0"
      },
      "engines": {
        "node": ">=4"
      }
    },
    "node_modules/ink-docstrap/node_modules/array-uniq": {
      "version": "1.0.3",
      "license": "MIT",
      "engines": {
        "node": ">=0.10.0"
      }
    },
    "node_modules/ink-docstrap/node_modules/chalk": {
      "version": "2.4.2",
      "license": "MIT",
      "dependencies": {
        "ansi-styles": "^3.2.1",
        "escape-string-regexp": "^1.0.5",
        "supports-color": "^5.3.0"
      },
      "engines": {
        "node": ">=4"
      }
    },
    "node_modules/ink-docstrap/node_modules/color-convert": {
      "version": "1.9.3",
      "license": "MIT",
      "dependencies": {
        "color-name": "1.1.3"
      }
    },
    "node_modules/ink-docstrap/node_modules/color-name": {
      "version": "1.1.3",
      "license": "MIT"
    },
    "node_modules/ink-docstrap/node_modules/dom-serializer": {
      "version": "0.2.2",
      "license": "MIT",
      "dependencies": {
        "domelementtype": "^2.0.1",
        "entities": "^2.0.0"
      }
    },
    "node_modules/ink-docstrap/node_modules/dom-serializer/node_modules/domelementtype": {
      "version": "2.0.1",
      "license": "BSD-2-Clause"
    },
    "node_modules/ink-docstrap/node_modules/dom-serializer/node_modules/entities": {
      "version": "2.0.0",
      "license": "BSD-2-Clause"
    },
    "node_modules/ink-docstrap/node_modules/domelementtype": {
      "version": "1.3.1",
      "license": "BSD-2-Clause"
    },
    "node_modules/ink-docstrap/node_modules/domhandler": {
      "version": "2.4.2",
      "license": "BSD-2-Clause",
      "dependencies": {
        "domelementtype": "1"
      }
    },
    "node_modules/ink-docstrap/node_modules/domutils": {
      "version": "1.7.0",
      "license": "BSD-2-Clause",
      "dependencies": {
        "dom-serializer": "0",
        "domelementtype": "1"
      }
    },
    "node_modules/ink-docstrap/node_modules/entities": {
      "version": "1.1.2",
      "license": "BSD-2-Clause"
    },
    "node_modules/ink-docstrap/node_modules/escape-string-regexp": {
      "version": "1.0.5",
      "license": "MIT",
      "engines": {
        "node": ">=0.8.0"
      }
    },
    "node_modules/ink-docstrap/node_modules/has-flag": {
      "version": "3.0.0",
      "license": "MIT",
      "engines": {
        "node": ">=4"
      }
    },
    "node_modules/ink-docstrap/node_modules/htmlparser2": {
      "version": "3.10.1",
      "license": "MIT",
      "dependencies": {
        "domelementtype": "^1.3.1",
        "domhandler": "^2.3.0",
        "domutils": "^1.5.1",
        "entities": "^1.1.1",
        "inherits": "^2.0.1",
        "readable-stream": "^3.1.1"
      }
    },
    "node_modules/ink-docstrap/node_modules/inherits": {
      "version": "2.0.4",
      "license": "ISC"
    },
    "node_modules/ink-docstrap/node_modules/lodash.clonedeep": {
      "version": "4.5.0",
      "license": "MIT"
    },
    "node_modules/ink-docstrap/node_modules/lodash.escaperegexp": {
      "version": "4.1.2",
      "license": "MIT"
    },
    "node_modules/ink-docstrap/node_modules/lodash.isplainobject": {
      "version": "4.0.6",
      "license": "MIT"
    },
    "node_modules/ink-docstrap/node_modules/lodash.isstring": {
      "version": "4.0.1",
      "license": "MIT"
    },
    "node_modules/ink-docstrap/node_modules/lodash.mergewith": {
      "version": "4.6.2",
      "license": "MIT"
    },
    "node_modules/ink-docstrap/node_modules/number-is-nan": {
      "version": "1.0.1",
      "license": "MIT",
      "engines": {
        "node": ">=0.10.0"
      }
    },
    "node_modules/ink-docstrap/node_modules/postcss": {
      "version": "7.0.26",
      "license": "MIT",
      "dependencies": {
        "chalk": "^2.4.2",
        "source-map": "^0.6.1",
        "supports-color": "^6.1.0"
      },
      "engines": {
        "node": ">=6.0.0"
      },
      "funding": {
        "type": "tidelift",
        "url": "https://tidelift.com/funding/github/npm/postcss"
      }
    },
    "node_modules/ink-docstrap/node_modules/postcss/node_modules/supports-color": {
      "version": "6.1.0",
      "license": "MIT",
      "dependencies": {
        "has-flag": "^3.0.0"
      },
      "engines": {
        "node": ">=6"
      }
    },
    "node_modules/ink-docstrap/node_modules/readable-stream": {
      "version": "3.4.0",
      "license": "MIT",
      "dependencies": {
        "inherits": "^2.0.3",
        "string_decoder": "^1.1.1",
        "util-deprecate": "^1.0.1"
      },
      "engines": {
        "node": ">= 6"
      }
    },
    "node_modules/ink-docstrap/node_modules/safe-buffer": {
      "version": "5.2.0",
      "license": "MIT"
    },
    "node_modules/ink-docstrap/node_modules/sanitize-html": {
      "version": "1.20.1",
      "license": "MIT",
      "dependencies": {
        "chalk": "^2.4.1",
        "htmlparser2": "^3.10.0",
        "lodash.clonedeep": "^4.5.0",
        "lodash.escaperegexp": "^4.1.2",
        "lodash.isplainobject": "^4.0.6",
        "lodash.isstring": "^4.0.1",
        "lodash.mergewith": "^4.6.1",
        "postcss": "^7.0.5",
        "srcset": "^1.0.0",
        "xtend": "^4.0.1"
      }
    },
    "node_modules/ink-docstrap/node_modules/source-map": {
      "version": "0.6.1",
      "license": "BSD-3-Clause",
      "engines": {
        "node": ">=0.10.0"
      }
    },
    "node_modules/ink-docstrap/node_modules/srcset": {
      "version": "1.0.0",
      "license": "MIT",
      "dependencies": {
        "array-uniq": "^1.0.2",
        "number-is-nan": "^1.0.0"
      },
      "engines": {
        "node": ">=0.10.0"
      }
    },
    "node_modules/ink-docstrap/node_modules/string_decoder": {
      "version": "1.3.0",
      "license": "MIT",
      "dependencies": {
        "safe-buffer": "~5.2.0"
      }
    },
    "node_modules/ink-docstrap/node_modules/supports-color": {
      "version": "5.5.0",
      "license": "MIT",
      "dependencies": {
        "has-flag": "^3.0.0"
      },
      "engines": {
        "node": ">=4"
      }
    },
    "node_modules/ink-docstrap/node_modules/util-deprecate": {
      "version": "1.0.2",
      "license": "MIT"
    },
    "node_modules/ink-docstrap/node_modules/xtend": {
      "version": "4.0.2",
      "license": "MIT",
      "engines": {
        "node": ">=0.4"
      }
    },
    "node_modules/moment": {
      "version": "2.30.1",
      "resolved": "https://registry.npmjs.org/moment/-/moment-2.30.1.tgz",
      "integrity": "sha512-uEmtNhbDOrWPFS+hdjFCBfy9f2YoyzRpwcl+DqpC6taX21FzsTLQVbMV/W7PzNSX6x/bhC1zA3c2UQ5NzH6how==",
      "engines": {
        "node": "*"
      }
    }
  }
}
